
Microsoft Visual Studio Solution File, Format Version 12.00
# Visual Studio 2012
Project("{FAE04EC0-301F-11D3-BF4B-00C04F79EFBC}") = "XML2JSON", "XML2JSON\XML2JSON.csproj", "{2008DA79-F037-48D0-BF46-3A46E4D1F3CF}"
EndProject
Project("{2150E333-8FDC-42A3-9474-1A3956D46DE8}") = ".nuget", ".nuget", "{032A1C6C-21BD-4D92-872B-59BB69B5888F}"
	ProjectSection(SolutionItems) = preProject
		.nuget\NuGet.Config = .nuget\NuGet.Config
		.nuget\NuGet.exe = .nuget\NuGet.exe
		.nuget\NuGet.targets = .nuget\NuGet.targets
	EndProjectSection
EndProject
Project("{2150E333-8FDC-42A3-9474-1A3956D46DE8}") = "SampleData", "SampleData", "{85C2FD8E-5035-4C9D-A081-558664F5EFFC}"
	ProjectSection(SolutionItems) = preProject
		SampleData\books.xml = SampleData\books.xml
	EndProjectSection
EndProject
Project("{FAE04EC0-301F-11D3-BF4B-00C04F79EFBC}") = "XML2JSON.Core", "XML2JSON.Core\XML2JSON.Core.csproj", "{6F044248-9A79-4864-8163-A1B18BCC5A16}"
EndProject
Project("{FAE04EC0-301F-11D3-BF4B-00C04F79EFBC}") = "XML2JSON.Web.MVC", "XML2JSON.Web.MVC\XML2JSON.Web.MVC.csproj", "{217406C4-27BC-46A9-A1F8-18F9B04ADD55}"
EndProject
Global
	GlobalSection(SolutionConfigurationPlatforms) = preSolution
		Debug|Any CPU = Debug|Any CPU
		Debug|Mixed Platforms = Debug|Mixed Platforms
		Debug|x86 = Debug|x86
		Release|Any CPU = Release|Any CPU
		Release|Mixed Platforms = Release|Mixed Platforms
		Release|x86 = Release|x86
	EndGlobalSection
	GlobalSection(ProjectConfigurationPlatforms) = postSolution
		{2008DA79-F037-48D0-BF46-3A46E4D1F3CF}.Debug|Any CPU.ActiveCfg = Debug|x86
		{2008DA79-F037-48D0-BF46-3A46E4D1F3CF}.Debug|Mixed Platforms.ActiveCfg = Debug|x86
		{2008DA79-F037-48D0-BF46-3A46E4D1F3CF}.Debug|Mixed Platforms.Build.0 = Debug|x86
		{2008DA79-F037-48D0-BF46-3A46E4D1F3CF}.Debug|x86.ActiveCfg = Debug|x86
		{2008DA79-F037-48D0-BF46-3A46E4D1F3CF}.Debug|x86.Build.0 = Debug|x86
		{2008DA79-F037-48D0-BF46-3A46E4D1F3CF}.Release|Any CPU.ActiveCfg = Release|x86
		{2008DA79-F037-48D0-BF46-3A46E4D1F3CF}.Release|Mixed Platforms.ActiveCfg = Release|x86
		{2008DA79-F037-48D0-BF46-3A46E4D1F3CF}.Release|Mixed Platforms.Build.0 = Release|x86
		{2008DA79-F037-48D0-BF46-3A46E4D1F3CF}.Release|x86.ActiveCfg = Release|x86
		{2008DA79-F037-48D0-BF46-3A46E4D1F3CF}.Release|x86.Build.0 = Release|x86
		{6F044248-9A79-4864-8163-A1B18BCC5A16}.Debug|Any CPU.ActiveCfg = Debug|Any CPU
		{6F044248-9A79-4864-8163-A1B18BCC5A16}.Debug|Any CPU.Build.0 = Debug|Any CPU
		{6F044248-9A79-4864-8163-A1B18BCC5A16}.Debug|Mixed Platforms.ActiveCfg = Debug|Any CPU
		{6F044248-9A79-4864-8163-A1B18BCC5A16}.Debug|Mixed Platforms.Build.0 = Debug|Any CPU
		{6F044248-9A79-4864-8163-A1B18BCC5A16}.Debug|x86.ActiveCfg = Debug|Any CPU
		{6F044248-9A79-4864-8163-A1B18BCC5A16}.Release|Any CPU.ActiveCfg = Release|Any CPU
		{6F044248-9A79-4864-8163-A1B18BCC5A16}.Release|Any CPU.Build.0 = Release|Any CPU
		{6F044248-9A79-4864-8163-A1B18BCC5A16}.Release|Mixed Platforms.ActiveCfg = Release|Any CPU
		{6F044248-9A79-4864-8163-A1B18BCC5A16}.Release|Mixed Platforms.Build.0 = Release|Any CPU
		{6F044248-9A79-4864-8163-A1B18BCC5A16}.Release|x86.ActiveCfg = Release|Any CPU
		{217406C4-27BC-46A9-A1F8-18F9B04ADD55}.Debug|Any CPU.ActiveCfg = Debug|Any CPU
		{217406C4-27BC-46A9-A1F8-18F9B04ADD55}.Debug|Any CPU.Build.0 = Debug|Any CPU
		{217406C4-27BC-46A9-A1F8-18F9B04ADD55}.Debug|Mixed Platforms.ActiveCfg = Debug|Any CPU
		{217406C4-27BC-46A9-A1F8-18F9B04ADD55}.Debug|Mixed Platforms.Build.0 = Debug|Any CPU
		{217406C4-27BC-46A9-A1F8-18F9B04ADD55}.Debug|x86.ActiveCfg = Debug|Any CPU
		{217406C4-27BC-46A9-A1F8-18F9B04ADD55}.Release|Any CPU.ActiveCfg = Release|Any CPU
		{217406C4-27BC-46A9-A1F8-18F9B04ADD55}.Release|Any CPU.Build.0 = Release|Any CPU
		{217406C4-27BC-46A9-A1F8-18F9B04ADD55}.Release|Mixed Platforms.ActiveCfg = Release|Any CPU
		{217406C4-27BC-46A9-A1F8-18F9B04ADD55}.Release|Mixed Platforms.Build.0 = Release|Any CPU
		{217406C4-27BC-46A9-A1F8-18F9B04ADD55}.Release|x86.ActiveCfg = Release|Any CPU
	EndGlobalSection
	GlobalSection(SolutionProperties) = preSolution
		HideSolutionNode = FALSE
	EndGlobalSection
EndGlobal
